
Microsoft Visual Studio Solution File, Format Version 12.00
# Visual Studio Version 16
VisualStudioVersion = 16.0.30320.27
MinimumVisualStudioVersion = 10.0.40219.1
Project("{FAE04EC0-301F-11D3-BF4B-00C04F79EFBC}") = "MVT", "MVT\MVT.csproj", "{DE35CE0A-17AC-4017-A014-557D0BE5A8DB}"
EndProject
Project("{FAE04EC0-301F-11D3-BF4B-00C04F79EFBC}") = "ConsoleApp2", "ConsoleApp2\ConsoleApp2.csproj", "{79CFC59B-5009-43F0-87ED-A014F4884DE0}"
EndProject
Project("{FAE04EC0-301F-11D3-BF4B-00C04F79EFBC}") = "ClassLibrary1", "ClassLibrary1\ClassLibrary1.csproj", "{97E87D2E-001B-4FED-8EDE-DD6B5CC5A785}"
EndProject
Global
	GlobalSection(SolutionConfigurationPlatforms) = preSolution
		Debug|Any CPU = Debug|Any CPU
		Release|Any CPU = Release|Any CPU
	EndGlobalSection
	GlobalSection(ProjectConfigurationPlatforms) = postSolution
		{DE35CE0A-17AC-4017-A014-557D0BE5A8DB}.Debug|Any CPU.ActiveCfg = Debug|Any CPU
		{DE35CE0A-17AC-4017-A014-557D0BE5A8DB}.Debug|Any CPU.Build.0 = Debug|Any CPU
		{DE35CE0A-17AC-4017-A014-557D0BE5A8DB}.Release|Any CPU.ActiveCfg = Release|Any CPU
		{DE35CE0A-17AC-4017-A014-557D0BE5A8DB}.Release|Any CPU.Build.0 = Release|Any CPU
		{79CFC59B-5009-43F0-87ED-A014F4884DE0}.Debug|Any CPU.ActiveCfg = Debug|Any CPU
		{79CFC59B-5009-43F0-87ED-A014F4884DE0}.Debug|Any CPU.Build.0 = Debug|Any CPU
		{79CFC59B-5009-43F0-87ED-A014F4884DE0}.Release|Any CPU.ActiveCfg = Release|Any CPU
		{79CFC59B-5009-43F0-87ED-A014F4884DE0}.Release|Any CPU.Build.0 = Release|Any CPU
		{97E87D2E-001B-4FED-8EDE-DD6B5CC5A785}.Debug|Any CPU.ActiveCfg = Debug|Any CPU
		{97E87D2E-001B-4FED-8EDE-DD6B5CC5A785}.Debug|Any CPU.Build.0 = Debug|Any CPU
		{97E87D2E-001B-4FED-8EDE-DD6B5CC5A785}.Release|Any CPU.ActiveCfg = Release|Any CPU
		{97E87D2E-001B-4FED-8EDE-DD6B5CC5A785}.Release|Any CPU.Build.0 = Release|Any CPU
	EndGlobalSection
	GlobalSection(SolutionProperties) = preSolution
		HideSolutionNode = FALSE
	EndGlobalSection
	GlobalSection(ExtensibilityGlobals) = postSolution
		SolutionGuid = {F4413A4B-28FA-4505-AB53-3BDAF2976D78}
	EndGlobalSection
EndGlobal
